
Microsoft Visual Studio Solution File, Format Version 12.00
# Visual Studio Version 17
VisualStudioVersion = 17.5.33502.453
MinimumVisualStudioVersion = 10.0.40219.1
Project("{FAE04EC0-301F-11D3-BF4B-00C04F79EFBC}") = "Api", "Api\Api.csproj", "{3867C44E-4968-4C2A-9709-DE8F018A4A31}"
EndProject
Global
	GlobalSection(SolutionConfigurationPlatforms) = preSolution
		Debug|Any CPU = Debug|Any CPU
		Release|Any CPU = Release|Any CPU
	EndGlobalSection
	GlobalSection(ProjectConfigurationPlatforms) = postSolution
		{3867C44E-4968-4C2A-9709-DE8F018A4A31}.Debug|Any CPU.ActiveCfg = Debug|Any CPU
		{3867C44E-4968-4C2A-9709-DE8F018A4A31}.Debug|Any CPU.Build.0 = Debug|Any CPU
		{3867C44E-4968-4C2A-9709-DE8F018A4A31}.Release|Any CPU.ActiveCfg = Release|Any CPU
		{3867C44E-4968-4C2A-9709-DE8F018A4A31}.Release|Any CPU.Build.0 = Release|Any CPU
	EndGlobalSection
	GlobalSection(SolutionProperties) = preSolution
		HideSolutionNode = FALSE
	EndGlobalSection
	GlobalSection(ExtensibilityGlobals) = postSolution
		SolutionGuid = {CB9CEA55-08EE-44EF-907E-73B6234EEB6A}
	EndGlobalSection
EndGlobal
